
Microsoft Visual Studio Solution File, Format Version 12.00
# Visual Studio Version 17
VisualStudioVersion = 17.4.33213.308
MinimumVisualStudioVersion = 10.0.40219.1
Project("{FAE04EC0-301F-11D3-BF4B-00C04F79EFBC}") = "OOP", "OOP\OOP.csproj", "{4F75CC8B-BB47-4AA2-BE36-2F6A6FBF16E8}"
EndProject
Project("{FAE04EC0-301F-11D3-BF4B-00C04F79EFBC}") = "Generics", "Generics\Generics.csproj", "{678DECD5-41E2-4064-9647-891A16425D90}"
EndProject
Project("{FAE04EC0-301F-11D3-BF4B-00C04F79EFBC}") = "ClassLibrary", "ClassLibrary\ClassLibrary.csproj", "{12EBB4B2-15E3-4654-9C11-578235E767D4}"
EndProject
Project("{FAE04EC0-301F-11D3-BF4B-00C04F79EFBC}") = "ActionAndFuncDelegates", "ActionAndFuncDelegates\ActionAndFuncDelegates.csproj", "{2D824BF0-CAFB-4B5F-AA82-8B77560A9DB8}"
EndProject
Global
	GlobalSection(SolutionConfigurationPlatforms) = preSolution
		Debug|Any CPU = Debug|Any CPU
		Release|Any CPU = Release|Any CPU
	EndGlobalSection
	GlobalSection(ProjectConfigurationPlatforms) = postSolution
		{4F75CC8B-BB47-4AA2-BE36-2F6A6FBF16E8}.Debug|Any CPU.ActiveCfg = Debug|Any CPU
		{4F75CC8B-BB47-4AA2-BE36-2F6A6FBF16E8}.Debug|Any CPU.Build.0 = Debug|Any CPU
		{4F75CC8B-BB47-4AA2-BE36-2F6A6FBF16E8}.Release|Any CPU.ActiveCfg = Release|Any CPU
		{4F75CC8B-BB47-4AA2-BE36-2F6A6FBF16E8}.Release|Any CPU.Build.0 = Release|Any CPU
		{678DECD5-41E2-4064-9647-891A16425D90}.Debug|Any CPU.ActiveCfg = Debug|Any CPU
		{678DECD5-41E2-4064-9647-891A16425D90}.Debug|Any CPU.Build.0 = Debug|Any CPU
		{678DECD5-41E2-4064-9647-891A16425D90}.Release|Any CPU.ActiveCfg = Release|Any CPU
		{678DECD5-41E2-4064-9647-891A16425D90}.Release|Any CPU.Build.0 = Release|Any CPU
		{12EBB4B2-15E3-4654-9C11-578235E767D4}.Debug|Any CPU.ActiveCfg = Debug|Any CPU
		{12EBB4B2-15E3-4654-9C11-578235E767D4}.Debug|Any CPU.Build.0 = Debug|Any CPU
		{12EBB4B2-15E3-4654-9C11-578235E767D4}.Release|Any CPU.ActiveCfg = Release|Any CPU
		{12EBB4B2-15E3-4654-9C11-578235E767D4}.Release|Any CPU.Build.0 = Release|Any CPU
		{2D824BF0-CAFB-4B5F-AA82-8B77560A9DB8}.Debug|Any CPU.ActiveCfg = Debug|Any CPU
		{2D824BF0-CAFB-4B5F-AA82-8B77560A9DB8}.Debug|Any CPU.Build.0 = Debug|Any CPU
		{2D824BF0-CAFB-4B5F-AA82-8B77560A9DB8}.Release|Any CPU.ActiveCfg = Release|Any CPU
		{2D824BF0-CAFB-4B5F-AA82-8B77560A9DB8}.Release|Any CPU.Build.0 = Release|Any CPU
	EndGlobalSection
	GlobalSection(SolutionProperties) = preSolution
		HideSolutionNode = FALSE
	EndGlobalSection
	GlobalSection(ExtensibilityGlobals) = postSolution
		SolutionGuid = {2E41F75D-6C65-4757-BCA4-2C81ACC4B31A}
	EndGlobalSection
EndGlobal
